
Microsoft Visual Studio Solution File, Format Version 12.00
# Visual Studio Version 16
VisualStudioVersion = 16.0.29519.87
MinimumVisualStudioVersion = 10.0.40219.1
Project("{FAE04EC0-301F-11D3-BF4B-00C04F79EFBC}") = "ComicBookGallery", "ComicBookGallery.csproj", "{E505DC27-4841-4A21-97E7-8DAA45C5EF7C}"
EndProject
Global
	GlobalSection(SolutionConfigurationPlatforms) = preSolution
		Debug|Any CPU = Debug|Any CPU
		Release|Any CPU = Release|Any CPU
	EndGlobalSection
	GlobalSection(ProjectConfigurationPlatforms) = postSolution
		{E505DC27-4841-4A21-97E7-8DAA45C5EF7C}.Debug|Any CPU.ActiveCfg = Debug|Any CPU
		{E505DC27-4841-4A21-97E7-8DAA45C5EF7C}.Debug|Any CPU.Build.0 = Debug|Any CPU
		{E505DC27-4841-4A21-97E7-8DAA45C5EF7C}.Release|Any CPU.ActiveCfg = Release|Any CPU
		{E505DC27-4841-4A21-97E7-8DAA45C5EF7C}.Release|Any CPU.Build.0 = Release|Any CPU
	EndGlobalSection
	GlobalSection(SolutionProperties) = preSolution
		HideSolutionNode = FALSE
	EndGlobalSection
	GlobalSection(ExtensibilityGlobals) = postSolution
		SolutionGuid = {75CDC0C7-0CE5-43A8-9D98-3DD1FD69A261}
	EndGlobalSection
EndGlobal
